
Microsoft Visual Studio Solution File, Format Version 12.00
# Visual Studio Version 17
VisualStudioVersion = 17.0.31903.59
MinimumVisualStudioVersion = 10.0.40219.1
Project("{2150E333-8FDC-42A3-9474-1A3956D46DE8}") = "AcademiaLoungeAdmin", "AcademiaLoungeAdmin", "{4DD6AF88-084D-409F-A8E7-AC6C3D3A0165}"
EndProject
Project("{9A19103F-16F7-4668-BE54-9A1E7A4F7556}") = "AcademiaLoungeAdmin", "AcademiaLoungeAdmin\AcademiaLoungeAdmin\AcademiaLoungeAdmin.csproj", "{7DD9D9B6-2E41-4217-ABAD-587AC8374BF4}"
EndProject
Project("{9A19103F-16F7-4668-BE54-9A1E7A4F7556}") = "AcademiaLoungeAdmin.Client", "AcademiaLoungeAdmin\AcademiaLoungeAdmin.Client\AcademiaLoungeAdmin.Client.csproj", "{B6835910-2B47-4B11-872C-094C56E3D5C9}"
EndProject
Project("{9A19103F-16F7-4668-BE54-9A1E7A4F7556}") = "BackAcademiaLounge", "AcademiaLounge\BackAcademiaLounge.csproj", "{58C55622-5470-4EBB-A224-742FF48E7E17}"
EndProject
Global
	GlobalSection(SolutionConfigurationPlatforms) = preSolution
		Debug|Any CPU = Debug|Any CPU
		Release|Any CPU = Release|Any CPU
	EndGlobalSection
	GlobalSection(ProjectConfigurationPlatforms) = postSolution
		{7DD9D9B6-2E41-4217-ABAD-587AC8374BF4}.Debug|Any CPU.ActiveCfg = Debug|Any CPU
		{7DD9D9B6-2E41-4217-ABAD-587AC8374BF4}.Debug|Any CPU.Build.0 = Debug|Any CPU
		{7DD9D9B6-2E41-4217-ABAD-587AC8374BF4}.Release|Any CPU.ActiveCfg = Release|Any CPU
		{7DD9D9B6-2E41-4217-ABAD-587AC8374BF4}.Release|Any CPU.Build.0 = Release|Any CPU
		{B6835910-2B47-4B11-872C-094C56E3D5C9}.Debug|Any CPU.ActiveCfg = Debug|Any CPU
		{B6835910-2B47-4B11-872C-094C56E3D5C9}.Debug|Any CPU.Build.0 = Debug|Any CPU
		{B6835910-2B47-4B11-872C-094C56E3D5C9}.Release|Any CPU.ActiveCfg = Release|Any CPU
		{B6835910-2B47-4B11-872C-094C56E3D5C9}.Release|Any CPU.Build.0 = Release|Any CPU
		{58C55622-5470-4EBB-A224-742FF48E7E17}.Debug|Any CPU.ActiveCfg = Debug|Any CPU
		{58C55622-5470-4EBB-A224-742FF48E7E17}.Debug|Any CPU.Build.0 = Debug|Any CPU
		{58C55622-5470-4EBB-A224-742FF48E7E17}.Release|Any CPU.ActiveCfg = Release|Any CPU
		{58C55622-5470-4EBB-A224-742FF48E7E17}.Release|Any CPU.Build.0 = Release|Any CPU
	EndGlobalSection
	GlobalSection(SolutionProperties) = preSolution
		HideSolutionNode = FALSE
	EndGlobalSection
	GlobalSection(NestedProjects) = preSolution
		{7DD9D9B6-2E41-4217-ABAD-587AC8374BF4} = {4DD6AF88-084D-409F-A8E7-AC6C3D3A0165}
		{B6835910-2B47-4B11-872C-094C56E3D5C9} = {4DD6AF88-084D-409F-A8E7-AC6C3D3A0165}
		{58C55622-5470-4EBB-A224-742FF48E7E17} = {4DD6AF88-084D-409F-A8E7-AC6C3D3A0165}
	EndGlobalSection
EndGlobal
